
Microsoft Visual Studio Solution File, Format Version 12.00
# Visual Studio Version 17
VisualStudioVersion = 17.3.32901.215
MinimumVisualStudioVersion = 10.0.40219.1
Project("{FAE04EC0-301F-11D3-BF4B-00C04F79EFBC}") = "PPAI", "PPAI\PPAI.csproj", "{CDB83128-9872-41ED-9635-B7955355DDB6}"
EndProject
Global
	GlobalSection(SolutionConfigurationPlatforms) = preSolution
		Debug|Any CPU = Debug|Any CPU
		Release|Any CPU = Release|Any CPU
	EndGlobalSection
	GlobalSection(ProjectConfigurationPlatforms) = postSolution
		{CDB83128-9872-41ED-9635-B7955355DDB6}.Debug|Any CPU.ActiveCfg = Debug|Any CPU
		{CDB83128-9872-41ED-9635-B7955355DDB6}.Debug|Any CPU.Build.0 = Debug|Any CPU
		{CDB83128-9872-41ED-9635-B7955355DDB6}.Release|Any CPU.ActiveCfg = Release|Any CPU
		{CDB83128-9872-41ED-9635-B7955355DDB6}.Release|Any CPU.Build.0 = Release|Any CPU
	EndGlobalSection
	GlobalSection(SolutionProperties) = preSolution
		HideSolutionNode = FALSE
	EndGlobalSection
	GlobalSection(ExtensibilityGlobals) = postSolution
		SolutionGuid = {BC5015A8-A022-4469-A821-FE488A523CE8}
	EndGlobalSection
EndGlobal
